
Microsoft Visual Studio Solution File, Format Version 12.00
# Visual Studio Version 17
VisualStudioVersion = 17.5.33414.496
MinimumVisualStudioVersion = 10.0.40219.1
Project("{FAE04EC0-301F-11D3-BF4B-00C04F79EFBC}") = "efders1", "efders1\efders1.csproj", "{744F632F-3D97-473E-BB8E-317B0D8DE578}"
EndProject
Global
	GlobalSection(SolutionConfigurationPlatforms) = preSolution
		Debug|Any CPU = Debug|Any CPU
		Release|Any CPU = Release|Any CPU
	EndGlobalSection
	GlobalSection(ProjectConfigurationPlatforms) = postSolution
		{744F632F-3D97-473E-BB8E-317B0D8DE578}.Debug|Any CPU.ActiveCfg = Debug|Any CPU
		{744F632F-3D97-473E-BB8E-317B0D8DE578}.Debug|Any CPU.Build.0 = Debug|Any CPU
		{744F632F-3D97-473E-BB8E-317B0D8DE578}.Release|Any CPU.ActiveCfg = Release|Any CPU
		{744F632F-3D97-473E-BB8E-317B0D8DE578}.Release|Any CPU.Build.0 = Release|Any CPU
	EndGlobalSection
	GlobalSection(SolutionProperties) = preSolution
		HideSolutionNode = FALSE
	EndGlobalSection
	GlobalSection(ExtensibilityGlobals) = postSolution
		SolutionGuid = {0B96FD8D-02DA-47F7-98A7-DFDF39AF6DC6}
	EndGlobalSection
EndGlobal
